
Microsoft Visual Studio Solution File, Format Version 11.00
# Visual Studio 2010
Project("{8BC9CEB8-8B4A-11D0-8D11-00A0C91BC942}") = "snapseg", "snapseg\snapseg.vcxproj", "{014B123B-6BAB-49C7-9686-2C6AEFE7A30C}"
EndProject
Global
	GlobalSection(SolutionConfigurationPlatforms) = preSolution
		Debug|Win32 = Debug|Win32
		Release|Win32 = Release|Win32
	EndGlobalSection
	GlobalSection(ProjectConfigurationPlatforms) = postSolution
		{014B123B-6BAB-49C7-9686-2C6AEFE7A30C}.Debug|Win32.ActiveCfg = Debug|Win32
		{014B123B-6BAB-49C7-9686-2C6AEFE7A30C}.Debug|Win32.Build.0 = Debug|Win32
		{014B123B-6BAB-49C7-9686-2C6AEFE7A30C}.Release|Win32.ActiveCfg = Release|Win32
		{014B123B-6BAB-49C7-9686-2C6AEFE7A30C}.Release|Win32.Build.0 = Release|Win32
	EndGlobalSection
	GlobalSection(SolutionProperties) = preSolution
		HideSolutionNode = FALSE
	EndGlobalSection
EndGlobal
